
Microsoft Visual Studio Solution File, Format Version 12.00
# Visual Studio Version 17
VisualStudioVersion = 17.5.33530.505
MinimumVisualStudioVersion = 10.0.40219.1
Project("{FAE04EC0-301F-11D3-BF4B-00C04F79EFBC}") = "StringParse", "StringParse\StringParse.csproj", "{43896CBD-1AE4-4938-BA2B-51961819303A}"
EndProject
Global
	GlobalSection(SolutionConfigurationPlatforms) = preSolution
		Debug|Any CPU = Debug|Any CPU
		Release|Any CPU = Release|Any CPU
	EndGlobalSection
	GlobalSection(ProjectConfigurationPlatforms) = postSolution
		{43896CBD-1AE4-4938-BA2B-51961819303A}.Debug|Any CPU.ActiveCfg = Debug|Any CPU
		{43896CBD-1AE4-4938-BA2B-51961819303A}.Debug|Any CPU.Build.0 = Debug|Any CPU
		{43896CBD-1AE4-4938-BA2B-51961819303A}.Release|Any CPU.ActiveCfg = Release|Any CPU
		{43896CBD-1AE4-4938-BA2B-51961819303A}.Release|Any CPU.Build.0 = Release|Any CPU
	EndGlobalSection
	GlobalSection(SolutionProperties) = preSolution
		HideSolutionNode = FALSE
	EndGlobalSection
	GlobalSection(ExtensibilityGlobals) = postSolution
		SolutionGuid = {ED12A764-8306-4152-A5FA-292BEC9AF674}
	EndGlobalSection
EndGlobal
