
Microsoft Visual Studio Solution File, Format Version 12.00
# Visual Studio Version 17
VisualStudioVersion = 17.5.33530.505
MinimumVisualStudioVersion = 10.0.40219.1
Project("{FAE04EC0-301F-11D3-BF4B-00C04F79EFBC}") = "PartialClass_Demo", "PartialClass_Demo\PartialClass_Demo.csproj", "{4E2E2408-592E-478D-B928-20BA0F41AD7D}"
EndProject
Global
	GlobalSection(SolutionConfigurationPlatforms) = preSolution
		Debug|Any CPU = Debug|Any CPU
		Release|Any CPU = Release|Any CPU
	EndGlobalSection
	GlobalSection(ProjectConfigurationPlatforms) = postSolution
		{4E2E2408-592E-478D-B928-20BA0F41AD7D}.Debug|Any CPU.ActiveCfg = Debug|Any CPU
		{4E2E2408-592E-478D-B928-20BA0F41AD7D}.Debug|Any CPU.Build.0 = Debug|Any CPU
		{4E2E2408-592E-478D-B928-20BA0F41AD7D}.Release|Any CPU.ActiveCfg = Release|Any CPU
		{4E2E2408-592E-478D-B928-20BA0F41AD7D}.Release|Any CPU.Build.0 = Release|Any CPU
	EndGlobalSection
	GlobalSection(SolutionProperties) = preSolution
		HideSolutionNode = FALSE
	EndGlobalSection
	GlobalSection(ExtensibilityGlobals) = postSolution
		SolutionGuid = {F65C179F-E7E9-42CA-88B2-FD0B24311436}
	EndGlobalSection
EndGlobal
