
Microsoft Visual Studio Solution File, Format Version 12.00
# Visual Studio Version 17
VisualStudioVersion = 17.5.33530.505
MinimumVisualStudioVersion = 10.0.40219.1
Project("{FAE04EC0-301F-11D3-BF4B-00C04F79EFBC}") = "EventDemo", "EventDemo\EventDemo.csproj", "{607FCBC5-CB59-4716-9954-B86DBCFF7C77}"
EndProject
Global
	GlobalSection(SolutionConfigurationPlatforms) = preSolution
		Debug|Any CPU = Debug|Any CPU
		Release|Any CPU = Release|Any CPU
	EndGlobalSection
	GlobalSection(ProjectConfigurationPlatforms) = postSolution
		{607FCBC5-CB59-4716-9954-B86DBCFF7C77}.Debug|Any CPU.ActiveCfg = Debug|Any CPU
		{607FCBC5-CB59-4716-9954-B86DBCFF7C77}.Debug|Any CPU.Build.0 = Debug|Any CPU
		{607FCBC5-CB59-4716-9954-B86DBCFF7C77}.Release|Any CPU.ActiveCfg = Release|Any CPU
		{607FCBC5-CB59-4716-9954-B86DBCFF7C77}.Release|Any CPU.Build.0 = Release|Any CPU
	EndGlobalSection
	GlobalSection(SolutionProperties) = preSolution
		HideSolutionNode = FALSE
	EndGlobalSection
	GlobalSection(ExtensibilityGlobals) = postSolution
		SolutionGuid = {53651B0D-2049-436B-A1A2-C839F1B11EAF}
	EndGlobalSection
EndGlobal
