
Microsoft Visual Studio Solution File, Format Version 12.00
# Visual Studio Version 17
VisualStudioVersion = 17.5.33530.505
MinimumVisualStudioVersion = 10.0.40219.1
Project("{FAE04EC0-301F-11D3-BF4B-00C04F79EFBC}") = "AccessSpecifierProtectedInternal", "AccessSpecifierProtectedInternal\AccessSpecifierProtectedInternal.csproj", "{BD701790-94CD-431D-B3B0-11558B98CC73}"
EndProject
Project("{FAE04EC0-301F-11D3-BF4B-00C04F79EFBC}") = "SsemblyOne", "SsemblyOne\SsemblyOne.csproj", "{625AE3B6-0C8B-4338-B865-F32E2FD09E23}"
EndProject
Global
	GlobalSection(SolutionConfigurationPlatforms) = preSolution
		Debug|Any CPU = Debug|Any CPU
		Release|Any CPU = Release|Any CPU
	EndGlobalSection
	GlobalSection(ProjectConfigurationPlatforms) = postSolution
		{BD701790-94CD-431D-B3B0-11558B98CC73}.Debug|Any CPU.ActiveCfg = Debug|Any CPU
		{BD701790-94CD-431D-B3B0-11558B98CC73}.Debug|Any CPU.Build.0 = Debug|Any CPU
		{BD701790-94CD-431D-B3B0-11558B98CC73}.Release|Any CPU.ActiveCfg = Release|Any CPU
		{BD701790-94CD-431D-B3B0-11558B98CC73}.Release|Any CPU.Build.0 = Release|Any CPU
		{625AE3B6-0C8B-4338-B865-F32E2FD09E23}.Debug|Any CPU.ActiveCfg = Debug|Any CPU
		{625AE3B6-0C8B-4338-B865-F32E2FD09E23}.Debug|Any CPU.Build.0 = Debug|Any CPU
		{625AE3B6-0C8B-4338-B865-F32E2FD09E23}.Release|Any CPU.ActiveCfg = Release|Any CPU
		{625AE3B6-0C8B-4338-B865-F32E2FD09E23}.Release|Any CPU.Build.0 = Release|Any CPU
	EndGlobalSection
	GlobalSection(SolutionProperties) = preSolution
		HideSolutionNode = FALSE
	EndGlobalSection
	GlobalSection(ExtensibilityGlobals) = postSolution
		SolutionGuid = {9E7B3427-7335-4408-B526-424DE3A6D007}
	EndGlobalSection
EndGlobal
