
Microsoft Visual Studio Solution File, Format Version 12.00
# Visual Studio Version 17
VisualStudioVersion = 17.5.33530.505
MinimumVisualStudioVersion = 10.0.40219.1
Project("{9A19103F-16F7-4668-BE54-9A1E7A4F7556}") = "OCP", "OCP\OCP.csproj", "{FB9348ED-5346-4F68-8B49-14F19F485BA2}"
EndProject
Project("{FAE04EC0-301F-11D3-BF4B-00C04F79EFBC}") = "OCP_Follow", "OCP_Follow\OCP_Follow.csproj", "{90FB50A3-07CA-4857-8EEA-479928DD4FC1}"
EndProject
Global
	GlobalSection(SolutionConfigurationPlatforms) = preSolution
		Debug|Any CPU = Debug|Any CPU
		Release|Any CPU = Release|Any CPU
	EndGlobalSection
	GlobalSection(ProjectConfigurationPlatforms) = postSolution
		{FB9348ED-5346-4F68-8B49-14F19F485BA2}.Debug|Any CPU.ActiveCfg = Debug|Any CPU
		{FB9348ED-5346-4F68-8B49-14F19F485BA2}.Debug|Any CPU.Build.0 = Debug|Any CPU
		{FB9348ED-5346-4F68-8B49-14F19F485BA2}.Release|Any CPU.ActiveCfg = Release|Any CPU
		{FB9348ED-5346-4F68-8B49-14F19F485BA2}.Release|Any CPU.Build.0 = Release|Any CPU
		{90FB50A3-07CA-4857-8EEA-479928DD4FC1}.Debug|Any CPU.ActiveCfg = Debug|Any CPU
		{90FB50A3-07CA-4857-8EEA-479928DD4FC1}.Debug|Any CPU.Build.0 = Debug|Any CPU
		{90FB50A3-07CA-4857-8EEA-479928DD4FC1}.Release|Any CPU.ActiveCfg = Release|Any CPU
		{90FB50A3-07CA-4857-8EEA-479928DD4FC1}.Release|Any CPU.Build.0 = Release|Any CPU
	EndGlobalSection
	GlobalSection(SolutionProperties) = preSolution
		HideSolutionNode = FALSE
	EndGlobalSection
	GlobalSection(ExtensibilityGlobals) = postSolution
		SolutionGuid = {606AA5CE-6911-4878-94D2-9AF449BD0319}
	EndGlobalSection
EndGlobal
