
Microsoft Visual Studio Solution File, Format Version 12.00
# Visual Studio Version 17
VisualStudioVersion = 17.4.33213.308
MinimumVisualStudioVersion = 10.0.40219.1
Project("{FAE04EC0-301F-11D3-BF4B-00C04F79EFBC}") = "Object", "Object\Object.csproj", "{67D33305-E21E-411A-B028-23E7BDDD96AA}"
EndProject
Project("{FAE04EC0-301F-11D3-BF4B-00C04F79EFBC}") = "obect2", "obect2\obect2.csproj", "{B0C8CC3B-31AF-437D-9132-90C825B542E6}"
EndProject
Global
	GlobalSection(SolutionConfigurationPlatforms) = preSolution
		Debug|Any CPU = Debug|Any CPU
		Release|Any CPU = Release|Any CPU
	EndGlobalSection
	GlobalSection(ProjectConfigurationPlatforms) = postSolution
		{67D33305-E21E-411A-B028-23E7BDDD96AA}.Debug|Any CPU.ActiveCfg = Debug|Any CPU
		{67D33305-E21E-411A-B028-23E7BDDD96AA}.Debug|Any CPU.Build.0 = Debug|Any CPU
		{67D33305-E21E-411A-B028-23E7BDDD96AA}.Release|Any CPU.ActiveCfg = Release|Any CPU
		{67D33305-E21E-411A-B028-23E7BDDD96AA}.Release|Any CPU.Build.0 = Release|Any CPU
		{B0C8CC3B-31AF-437D-9132-90C825B542E6}.Debug|Any CPU.ActiveCfg = Debug|Any CPU
		{B0C8CC3B-31AF-437D-9132-90C825B542E6}.Debug|Any CPU.Build.0 = Debug|Any CPU
		{B0C8CC3B-31AF-437D-9132-90C825B542E6}.Release|Any CPU.ActiveCfg = Release|Any CPU
		{B0C8CC3B-31AF-437D-9132-90C825B542E6}.Release|Any CPU.Build.0 = Release|Any CPU
	EndGlobalSection
	GlobalSection(SolutionProperties) = preSolution
		HideSolutionNode = FALSE
	EndGlobalSection
	GlobalSection(ExtensibilityGlobals) = postSolution
		SolutionGuid = {2EA1382D-5C8B-405D-B60A-79B13819EB9F}
	EndGlobalSection
EndGlobal
