
Microsoft Visual Studio Solution File, Format Version 12.00
# Visual Studio Version 17
VisualStudioVersion = 17.4.33213.308
MinimumVisualStudioVersion = 10.0.40219.1
Project("{FAE04EC0-301F-11D3-BF4B-00C04F79EFBC}") = "Constructors", "Constructors\Constructors.csproj", "{D96E786E-3528-45B2-A4B3-315D023E9DD2}"
EndProject
Global
	GlobalSection(SolutionConfigurationPlatforms) = preSolution
		Debug|Any CPU = Debug|Any CPU
		Release|Any CPU = Release|Any CPU
	EndGlobalSection
	GlobalSection(ProjectConfigurationPlatforms) = postSolution
		{D96E786E-3528-45B2-A4B3-315D023E9DD2}.Debug|Any CPU.ActiveCfg = Debug|Any CPU
		{D96E786E-3528-45B2-A4B3-315D023E9DD2}.Debug|Any CPU.Build.0 = Debug|Any CPU
		{D96E786E-3528-45B2-A4B3-315D023E9DD2}.Release|Any CPU.ActiveCfg = Release|Any CPU
		{D96E786E-3528-45B2-A4B3-315D023E9DD2}.Release|Any CPU.Build.0 = Release|Any CPU
	EndGlobalSection
	GlobalSection(SolutionProperties) = preSolution
		HideSolutionNode = FALSE
	EndGlobalSection
	GlobalSection(ExtensibilityGlobals) = postSolution
		SolutionGuid = {9D414F1B-C37D-41AE-8669-5E6DEF741C4C}
	EndGlobalSection
EndGlobal
