
Microsoft Visual Studio Solution File, Format Version 12.00
# Visual Studio Version 17
VisualStudioVersion = 17.5.33530.505
MinimumVisualStudioVersion = 10.0.40219.1
Project("{FAE04EC0-301F-11D3-BF4B-00C04F79EFBC}") = "HelloWorld", "HelloWorld\HelloWorld.csproj", "{6779252C-8C0C-4143-9FED-A9D62B60E0C2}"
EndProject
Global
	GlobalSection(SolutionConfigurationPlatforms) = preSolution
		Debug|Any CPU = Debug|Any CPU
		Release|Any CPU = Release|Any CPU
	EndGlobalSection
	GlobalSection(ProjectConfigurationPlatforms) = postSolution
		{6779252C-8C0C-4143-9FED-A9D62B60E0C2}.Debug|Any CPU.ActiveCfg = Debug|Any CPU
		{6779252C-8C0C-4143-9FED-A9D62B60E0C2}.Debug|Any CPU.Build.0 = Debug|Any CPU
		{6779252C-8C0C-4143-9FED-A9D62B60E0C2}.Release|Any CPU.ActiveCfg = Release|Any CPU
		{6779252C-8C0C-4143-9FED-A9D62B60E0C2}.Release|Any CPU.Build.0 = Release|Any CPU
	EndGlobalSection
	GlobalSection(SolutionProperties) = preSolution
		HideSolutionNode = FALSE
	EndGlobalSection
	GlobalSection(ExtensibilityGlobals) = postSolution
		SolutionGuid = {0CAE8210-798F-4C29-B20E-DD2AC7ADB5BF}
	EndGlobalSection
EndGlobal
