
Microsoft Visual Studio Solution File, Format Version 12.00
# Visual Studio Version 17
VisualStudioVersion = 17.5.33530.505
MinimumVisualStudioVersion = 10.0.40219.1
Project("{FAE04EC0-301F-11D3-BF4B-00C04F79EFBC}") = "Encapsulation", "Encapsulation\Encapsulation.csproj", "{0EADAF27-D775-41DE-885E-8324D7F69808}"
EndProject
Global
	GlobalSection(SolutionConfigurationPlatforms) = preSolution
		Debug|Any CPU = Debug|Any CPU
		Release|Any CPU = Release|Any CPU
	EndGlobalSection
	GlobalSection(ProjectConfigurationPlatforms) = postSolution
		{0EADAF27-D775-41DE-885E-8324D7F69808}.Debug|Any CPU.ActiveCfg = Debug|Any CPU
		{0EADAF27-D775-41DE-885E-8324D7F69808}.Debug|Any CPU.Build.0 = Debug|Any CPU
		{0EADAF27-D775-41DE-885E-8324D7F69808}.Release|Any CPU.ActiveCfg = Release|Any CPU
		{0EADAF27-D775-41DE-885E-8324D7F69808}.Release|Any CPU.Build.0 = Release|Any CPU
	EndGlobalSection
	GlobalSection(SolutionProperties) = preSolution
		HideSolutionNode = FALSE
	EndGlobalSection
	GlobalSection(ExtensibilityGlobals) = postSolution
		SolutionGuid = {A9439A37-2512-4F0C-9EFF-2814EC4A1105}
	EndGlobalSection
EndGlobal
