
Microsoft Visual Studio Solution File, Format Version 12.00
# Visual Studio Version 17
VisualStudioVersion = 17.4.33213.308
MinimumVisualStudioVersion = 10.0.40219.1
Project("{FAE04EC0-301F-11D3-BF4B-00C04F79EFBC}") = "Practical_1", "Practical_1\Practical_1.csproj", "{64E9C2CC-D454-4435-BA3F-E9AA090EE3CF}"
EndProject
Global
	GlobalSection(SolutionConfigurationPlatforms) = preSolution
		Debug|Any CPU = Debug|Any CPU
		Release|Any CPU = Release|Any CPU
	EndGlobalSection
	GlobalSection(ProjectConfigurationPlatforms) = postSolution
		{64E9C2CC-D454-4435-BA3F-E9AA090EE3CF}.Debug|Any CPU.ActiveCfg = Debug|Any CPU
		{64E9C2CC-D454-4435-BA3F-E9AA090EE3CF}.Debug|Any CPU.Build.0 = Debug|Any CPU
		{64E9C2CC-D454-4435-BA3F-E9AA090EE3CF}.Release|Any CPU.ActiveCfg = Release|Any CPU
		{64E9C2CC-D454-4435-BA3F-E9AA090EE3CF}.Release|Any CPU.Build.0 = Release|Any CPU
	EndGlobalSection
	GlobalSection(SolutionProperties) = preSolution
		HideSolutionNode = FALSE
	EndGlobalSection
	GlobalSection(ExtensibilityGlobals) = postSolution
		SolutionGuid = {756ECC0C-F768-46F5-BD3D-ACE7EDAA31B3}
	EndGlobalSection
EndGlobal
