
Microsoft Visual Studio Solution File, Format Version 12.00
# Visual Studio Version 17
VisualStudioVersion = 17.5.33530.505
MinimumVisualStudioVersion = 10.0.40219.1
Project("{FAE04EC0-301F-11D3-BF4B-00C04F79EFBC}") = "StackAndQueueDemo", "StackAndQueueDemo\StackAndQueueDemo.csproj", "{D060737E-B851-4465-B8E5-678C0E144EAE}"
EndProject
Global
	GlobalSection(SolutionConfigurationPlatforms) = preSolution
		Debug|Any CPU = Debug|Any CPU
		Release|Any CPU = Release|Any CPU
	EndGlobalSection
	GlobalSection(ProjectConfigurationPlatforms) = postSolution
		{D060737E-B851-4465-B8E5-678C0E144EAE}.Debug|Any CPU.ActiveCfg = Debug|Any CPU
		{D060737E-B851-4465-B8E5-678C0E144EAE}.Debug|Any CPU.Build.0 = Debug|Any CPU
		{D060737E-B851-4465-B8E5-678C0E144EAE}.Release|Any CPU.ActiveCfg = Release|Any CPU
		{D060737E-B851-4465-B8E5-678C0E144EAE}.Release|Any CPU.Build.0 = Release|Any CPU
	EndGlobalSection
	GlobalSection(SolutionProperties) = preSolution
		HideSolutionNode = FALSE
	EndGlobalSection
	GlobalSection(ExtensibilityGlobals) = postSolution
		SolutionGuid = {989DBEB2-4E0F-4AC0-A5DA-4F5FF862AB1F}
	EndGlobalSection
EndGlobal
