
Microsoft Visual Studio Solution File, Format Version 12.00
# Visual Studio Version 17
VisualStudioVersion = 17.5.33530.505
MinimumVisualStudioVersion = 10.0.40219.1
Project("{FAE04EC0-301F-11D3-BF4B-00C04F79EFBC}") = "AccessSpecifierPrivateProtected", "AccessSpecifierPrivateProtected\AccessSpecifierPrivateProtected.csproj", "{80808020-CA0B-4824-BAD2-238C8DBA3E2A}"
EndProject
Project("{FAE04EC0-301F-11D3-BF4B-00C04F79EFBC}") = "AssemblyOne", "AssemblyOne\AssemblyOne.csproj", "{36126402-1BA5-4362-88C0-BCE85F26C58E}"
EndProject
Global
	GlobalSection(SolutionConfigurationPlatforms) = preSolution
		Debug|Any CPU = Debug|Any CPU
		Release|Any CPU = Release|Any CPU
	EndGlobalSection
	GlobalSection(ProjectConfigurationPlatforms) = postSolution
		{80808020-CA0B-4824-BAD2-238C8DBA3E2A}.Debug|Any CPU.ActiveCfg = Debug|Any CPU
		{80808020-CA0B-4824-BAD2-238C8DBA3E2A}.Debug|Any CPU.Build.0 = Debug|Any CPU
		{80808020-CA0B-4824-BAD2-238C8DBA3E2A}.Release|Any CPU.ActiveCfg = Release|Any CPU
		{80808020-CA0B-4824-BAD2-238C8DBA3E2A}.Release|Any CPU.Build.0 = Release|Any CPU
		{36126402-1BA5-4362-88C0-BCE85F26C58E}.Debug|Any CPU.ActiveCfg = Debug|Any CPU
		{36126402-1BA5-4362-88C0-BCE85F26C58E}.Debug|Any CPU.Build.0 = Debug|Any CPU
		{36126402-1BA5-4362-88C0-BCE85F26C58E}.Release|Any CPU.ActiveCfg = Release|Any CPU
		{36126402-1BA5-4362-88C0-BCE85F26C58E}.Release|Any CPU.Build.0 = Release|Any CPU
	EndGlobalSection
	GlobalSection(SolutionProperties) = preSolution
		HideSolutionNode = FALSE
	EndGlobalSection
	GlobalSection(ExtensibilityGlobals) = postSolution
		SolutionGuid = {21F73368-82A9-432B-8DF5-2AFCDDE0ADD8}
	EndGlobalSection
EndGlobal
