
Microsoft Visual Studio Solution File, Format Version 12.00
# Visual Studio Version 17
VisualStudioVersion = 17.5.33530.505
MinimumVisualStudioVersion = 10.0.40219.1
Project("{FAE04EC0-301F-11D3-BF4B-00C04F79EFBC}") = "ListDemo", "ListDemo\ListDemo.csproj", "{A4282477-1417-47B3-801E-163E3AB4D18B}"
EndProject
Global
	GlobalSection(SolutionConfigurationPlatforms) = preSolution
		Debug|Any CPU = Debug|Any CPU
		Release|Any CPU = Release|Any CPU
	EndGlobalSection
	GlobalSection(ProjectConfigurationPlatforms) = postSolution
		{A4282477-1417-47B3-801E-163E3AB4D18B}.Debug|Any CPU.ActiveCfg = Debug|Any CPU
		{A4282477-1417-47B3-801E-163E3AB4D18B}.Debug|Any CPU.Build.0 = Debug|Any CPU
		{A4282477-1417-47B3-801E-163E3AB4D18B}.Release|Any CPU.ActiveCfg = Release|Any CPU
		{A4282477-1417-47B3-801E-163E3AB4D18B}.Release|Any CPU.Build.0 = Release|Any CPU
	EndGlobalSection
	GlobalSection(SolutionProperties) = preSolution
		HideSolutionNode = FALSE
	EndGlobalSection
	GlobalSection(ExtensibilityGlobals) = postSolution
		SolutionGuid = {F1C19BB1-785C-4D30-9F2B-89581455FD90}
	EndGlobalSection
EndGlobal
