
Microsoft Visual Studio Solution File, Format Version 12.00
# Visual Studio Version 17
VisualStudioVersion = 17.5.33530.505
MinimumVisualStudioVersion = 10.0.40219.1
Project("{FAE04EC0-301F-11D3-BF4B-00C04F79EFBC}") = "ExtensionMethodDemo", "ExtensionMethodDemo\ExtensionMethodDemo.csproj", "{F609CFAB-E138-4C09-AE31-4EB06B46352E}"
EndProject
Project("{FAE04EC0-301F-11D3-BF4B-00C04F79EFBC}") = "Calculator", "Calculator\Calculator.csproj", "{F18C1C5D-C347-4212-8A53-1159B7A1C29A}"
EndProject
Global
	GlobalSection(SolutionConfigurationPlatforms) = preSolution
		Debug|Any CPU = Debug|Any CPU
		Release|Any CPU = Release|Any CPU
	EndGlobalSection
	GlobalSection(ProjectConfigurationPlatforms) = postSolution
		{F609CFAB-E138-4C09-AE31-4EB06B46352E}.Debug|Any CPU.ActiveCfg = Debug|Any CPU
		{F609CFAB-E138-4C09-AE31-4EB06B46352E}.Debug|Any CPU.Build.0 = Debug|Any CPU
		{F609CFAB-E138-4C09-AE31-4EB06B46352E}.Release|Any CPU.ActiveCfg = Release|Any CPU
		{F609CFAB-E138-4C09-AE31-4EB06B46352E}.Release|Any CPU.Build.0 = Release|Any CPU
		{F18C1C5D-C347-4212-8A53-1159B7A1C29A}.Debug|Any CPU.ActiveCfg = Debug|Any CPU
		{F18C1C5D-C347-4212-8A53-1159B7A1C29A}.Debug|Any CPU.Build.0 = Debug|Any CPU
		{F18C1C5D-C347-4212-8A53-1159B7A1C29A}.Release|Any CPU.ActiveCfg = Release|Any CPU
		{F18C1C5D-C347-4212-8A53-1159B7A1C29A}.Release|Any CPU.Build.0 = Release|Any CPU
	EndGlobalSection
	GlobalSection(SolutionProperties) = preSolution
		HideSolutionNode = FALSE
	EndGlobalSection
	GlobalSection(ExtensibilityGlobals) = postSolution
		SolutionGuid = {46ABADBC-B7F8-42D5-899E-8B490C618C47}
	EndGlobalSection
EndGlobal
