
Microsoft Visual Studio Solution File, Format Version 12.00
# Visual Studio Version 17
VisualStudioVersion = 17.5.33530.505
MinimumVisualStudioVersion = 10.0.40219.1
Project("{FAE04EC0-301F-11D3-BF4B-00C04F79EFBC}") = "StructVsClass", "StructVsClass\StructVsClass.csproj", "{E0CF5D47-1A36-47B4-9351-B280D67B842B}"
EndProject
Global
	GlobalSection(SolutionConfigurationPlatforms) = preSolution
		Debug|Any CPU = Debug|Any CPU
		Release|Any CPU = Release|Any CPU
	EndGlobalSection
	GlobalSection(ProjectConfigurationPlatforms) = postSolution
		{E0CF5D47-1A36-47B4-9351-B280D67B842B}.Debug|Any CPU.ActiveCfg = Debug|Any CPU
		{E0CF5D47-1A36-47B4-9351-B280D67B842B}.Debug|Any CPU.Build.0 = Debug|Any CPU
		{E0CF5D47-1A36-47B4-9351-B280D67B842B}.Release|Any CPU.ActiveCfg = Release|Any CPU
		{E0CF5D47-1A36-47B4-9351-B280D67B842B}.Release|Any CPU.Build.0 = Release|Any CPU
	EndGlobalSection
	GlobalSection(SolutionProperties) = preSolution
		HideSolutionNode = FALSE
	EndGlobalSection
	GlobalSection(ExtensibilityGlobals) = postSolution
		SolutionGuid = {9B8772EF-9F37-422E-9C11-AD78F91B2521}
	EndGlobalSection
EndGlobal
