
Microsoft Visual Studio Solution File, Format Version 12.00
# Visual Studio Version 17
VisualStudioVersion = 17.5.33530.505
MinimumVisualStudioVersion = 10.0.40219.1
Project("{FAE04EC0-301F-11D3-BF4B-00C04F79EFBC}") = "StaticClass_Demo", "StaticClass_Demo\StaticClass_Demo.csproj", "{080CA43E-3F5B-481D-8392-7CDB18EC7BD4}"
EndProject
Global
	GlobalSection(SolutionConfigurationPlatforms) = preSolution
		Debug|Any CPU = Debug|Any CPU
		Release|Any CPU = Release|Any CPU
	EndGlobalSection
	GlobalSection(ProjectConfigurationPlatforms) = postSolution
		{080CA43E-3F5B-481D-8392-7CDB18EC7BD4}.Debug|Any CPU.ActiveCfg = Debug|Any CPU
		{080CA43E-3F5B-481D-8392-7CDB18EC7BD4}.Debug|Any CPU.Build.0 = Debug|Any CPU
		{080CA43E-3F5B-481D-8392-7CDB18EC7BD4}.Release|Any CPU.ActiveCfg = Release|Any CPU
		{080CA43E-3F5B-481D-8392-7CDB18EC7BD4}.Release|Any CPU.Build.0 = Release|Any CPU
	EndGlobalSection
	GlobalSection(SolutionProperties) = preSolution
		HideSolutionNode = FALSE
	EndGlobalSection
	GlobalSection(ExtensibilityGlobals) = postSolution
		SolutionGuid = {440420D8-F4FA-4216-80A8-EC3B1D3DED6A}
	EndGlobalSection
EndGlobal
