
Microsoft Visual Studio Solution File, Format Version 12.00
# Visual Studio Version 17
VisualStudioVersion = 17.5.33530.505
MinimumVisualStudioVersion = 10.0.40219.1
Project("{FAE04EC0-301F-11D3-BF4B-00C04F79EFBC}") = "E-Bank", "E-Bank\E-Bank.csproj", "{2064D551-3F6D-4FAA-AA64-98A686C0405C}"
EndProject
Global
	GlobalSection(SolutionConfigurationPlatforms) = preSolution
		Debug|Any CPU = Debug|Any CPU
		Release|Any CPU = Release|Any CPU
	EndGlobalSection
	GlobalSection(ProjectConfigurationPlatforms) = postSolution
		{2064D551-3F6D-4FAA-AA64-98A686C0405C}.Debug|Any CPU.ActiveCfg = Debug|Any CPU
		{2064D551-3F6D-4FAA-AA64-98A686C0405C}.Debug|Any CPU.Build.0 = Debug|Any CPU
		{2064D551-3F6D-4FAA-AA64-98A686C0405C}.Release|Any CPU.ActiveCfg = Release|Any CPU
		{2064D551-3F6D-4FAA-AA64-98A686C0405C}.Release|Any CPU.Build.0 = Release|Any CPU
	EndGlobalSection
	GlobalSection(SolutionProperties) = preSolution
		HideSolutionNode = FALSE
	EndGlobalSection
	GlobalSection(ExtensibilityGlobals) = postSolution
		SolutionGuid = {53BB4405-48F8-4538-91C4-09F98E70FE0E}
	EndGlobalSection
EndGlobal
