
Microsoft Visual Studio Solution File, Format Version 12.00
# Visual Studio Version 17
VisualStudioVersion = 17.6.33712.159
MinimumVisualStudioVersion = 10.0.40219.1
Project("{FAE04EC0-301F-11D3-BF4B-00C04F79EFBC}") = "JoinsLinq", "JoinsLinq\JoinsLinq.csproj", "{7FD79F06-2FF9-437E-B8F7-ED6073451605}"
EndProject
Global
	GlobalSection(SolutionConfigurationPlatforms) = preSolution
		Debug|Any CPU = Debug|Any CPU
		Release|Any CPU = Release|Any CPU
	EndGlobalSection
	GlobalSection(ProjectConfigurationPlatforms) = postSolution
		{7FD79F06-2FF9-437E-B8F7-ED6073451605}.Debug|Any CPU.ActiveCfg = Debug|Any CPU
		{7FD79F06-2FF9-437E-B8F7-ED6073451605}.Debug|Any CPU.Build.0 = Debug|Any CPU
		{7FD79F06-2FF9-437E-B8F7-ED6073451605}.Release|Any CPU.ActiveCfg = Release|Any CPU
		{7FD79F06-2FF9-437E-B8F7-ED6073451605}.Release|Any CPU.Build.0 = Release|Any CPU
	EndGlobalSection
	GlobalSection(SolutionProperties) = preSolution
		HideSolutionNode = FALSE
	EndGlobalSection
	GlobalSection(ExtensibilityGlobals) = postSolution
		SolutionGuid = {CFC76C1F-FB51-4C87-9874-7F2CE72E20E9}
	EndGlobalSection
EndGlobal
