
Microsoft Visual Studio Solution File, Format Version 12.00
# Visual Studio Version 17
VisualStudioVersion = 17.5.33530.505
MinimumVisualStudioVersion = 10.0.40219.1
Project("{FAE04EC0-301F-11D3-BF4B-00C04F79EFBC}") = "ExceptionDemo", "ExceptionDemo\ExceptionDemo.csproj", "{CA9BAFDD-6055-429C-A0D2-885FE246B2DB}"
EndProject
Global
	GlobalSection(SolutionConfigurationPlatforms) = preSolution
		Debug|Any CPU = Debug|Any CPU
		Release|Any CPU = Release|Any CPU
	EndGlobalSection
	GlobalSection(ProjectConfigurationPlatforms) = postSolution
		{CA9BAFDD-6055-429C-A0D2-885FE246B2DB}.Debug|Any CPU.ActiveCfg = Debug|Any CPU
		{CA9BAFDD-6055-429C-A0D2-885FE246B2DB}.Debug|Any CPU.Build.0 = Debug|Any CPU
		{CA9BAFDD-6055-429C-A0D2-885FE246B2DB}.Release|Any CPU.ActiveCfg = Release|Any CPU
		{CA9BAFDD-6055-429C-A0D2-885FE246B2DB}.Release|Any CPU.Build.0 = Release|Any CPU
	EndGlobalSection
	GlobalSection(SolutionProperties) = preSolution
		HideSolutionNode = FALSE
	EndGlobalSection
	GlobalSection(ExtensibilityGlobals) = postSolution
		SolutionGuid = {E73B3509-92EA-4CF7-B1A8-2D5B7E482AD0}
	EndGlobalSection
EndGlobal
