
Microsoft Visual Studio Solution File, Format Version 12.00
# Visual Studio Version 17
VisualStudioVersion = 17.5.33530.505
MinimumVisualStudioVersion = 10.0.40219.1
Project("{FAE04EC0-301F-11D3-BF4B-00C04F79EFBC}") = "Dummy", "Dummy\Dummy.csproj", "{F1F536B3-2DAA-46CE-82DA-37EF9F5F0AA4}"
EndProject
Global
	GlobalSection(SolutionConfigurationPlatforms) = preSolution
		Debug|Any CPU = Debug|Any CPU
		Release|Any CPU = Release|Any CPU
	EndGlobalSection
	GlobalSection(ProjectConfigurationPlatforms) = postSolution
		{F1F536B3-2DAA-46CE-82DA-37EF9F5F0AA4}.Debug|Any CPU.ActiveCfg = Debug|Any CPU
		{F1F536B3-2DAA-46CE-82DA-37EF9F5F0AA4}.Debug|Any CPU.Build.0 = Debug|Any CPU
		{F1F536B3-2DAA-46CE-82DA-37EF9F5F0AA4}.Release|Any CPU.ActiveCfg = Release|Any CPU
		{F1F536B3-2DAA-46CE-82DA-37EF9F5F0AA4}.Release|Any CPU.Build.0 = Release|Any CPU
	EndGlobalSection
	GlobalSection(SolutionProperties) = preSolution
		HideSolutionNode = FALSE
	EndGlobalSection
	GlobalSection(ExtensibilityGlobals) = postSolution
		SolutionGuid = {145EF756-D57A-49A0-A337-8EEA984D6AE4}
	EndGlobalSection
EndGlobal
