
Microsoft Visual Studio Solution File, Format Version 12.00
# Visual Studio Version 17
VisualStudioVersion = 17.4.33213.308
MinimumVisualStudioVersion = 10.0.40219.1
Project("{FAE04EC0-301F-11D3-BF4B-00C04F79EFBC}") = "DataTypes", "DataTypes\DataTypes.csproj", "{7E63EEFE-EF79-477F-8C6F-FD5EEF4225C3}"
EndProject
Global
	GlobalSection(SolutionConfigurationPlatforms) = preSolution
		Debug|Any CPU = Debug|Any CPU
		Release|Any CPU = Release|Any CPU
	EndGlobalSection
	GlobalSection(ProjectConfigurationPlatforms) = postSolution
		{7E63EEFE-EF79-477F-8C6F-FD5EEF4225C3}.Debug|Any CPU.ActiveCfg = Debug|Any CPU
		{7E63EEFE-EF79-477F-8C6F-FD5EEF4225C3}.Debug|Any CPU.Build.0 = Debug|Any CPU
		{7E63EEFE-EF79-477F-8C6F-FD5EEF4225C3}.Release|Any CPU.ActiveCfg = Release|Any CPU
		{7E63EEFE-EF79-477F-8C6F-FD5EEF4225C3}.Release|Any CPU.Build.0 = Release|Any CPU
	EndGlobalSection
	GlobalSection(SolutionProperties) = preSolution
		HideSolutionNode = FALSE
	EndGlobalSection
	GlobalSection(ExtensibilityGlobals) = postSolution
		SolutionGuid = {CD1648DD-79BC-4317-B180-12955A5AC0B9}
	EndGlobalSection
EndGlobal
