
Microsoft Visual Studio Solution File, Format Version 12.00
# Visual Studio Version 17
VisualStudioVersion = 17.5.33530.505
MinimumVisualStudioVersion = 10.0.40219.1
Project("{FAE04EC0-301F-11D3-BF4B-00C04F79EFBC}") = "ArgumentException", "ArgumentException\ArgumentException.csproj", "{81893B04-2077-48B4-92D2-385BB848D316}"
EndProject
Global
	GlobalSection(SolutionConfigurationPlatforms) = preSolution
		Debug|Any CPU = Debug|Any CPU
		Release|Any CPU = Release|Any CPU
	EndGlobalSection
	GlobalSection(ProjectConfigurationPlatforms) = postSolution
		{81893B04-2077-48B4-92D2-385BB848D316}.Debug|Any CPU.ActiveCfg = Debug|Any CPU
		{81893B04-2077-48B4-92D2-385BB848D316}.Debug|Any CPU.Build.0 = Debug|Any CPU
		{81893B04-2077-48B4-92D2-385BB848D316}.Release|Any CPU.ActiveCfg = Release|Any CPU
		{81893B04-2077-48B4-92D2-385BB848D316}.Release|Any CPU.Build.0 = Release|Any CPU
	EndGlobalSection
	GlobalSection(SolutionProperties) = preSolution
		HideSolutionNode = FALSE
	EndGlobalSection
	GlobalSection(ExtensibilityGlobals) = postSolution
		SolutionGuid = {D936E1F7-4E06-4BE0-BB78-A15812EB1CFB}
	EndGlobalSection
EndGlobal
